
Microsoft Visual Studio Solution File, Format Version 12.00
Project("{FAE04EC0-301F-11D3-BF4B-00C04F79EFBC}") = "YTT_5_5", "YTT_5_5\YTT_5_5.csproj", "{6C6E97E6-329A-4D59-BC93-02222D3197CF}"
EndProject
Global
	GlobalSection(SolutionConfigurationPlatforms) = preSolution
		Debug|Any CPU = Debug|Any CPU
		Release|Any CPU = Release|Any CPU
	EndGlobalSection
	GlobalSection(ProjectConfigurationPlatforms) = postSolution
		{6C6E97E6-329A-4D59-BC93-02222D3197CF}.Debug|Any CPU.ActiveCfg = Debug|Any CPU
		{6C6E97E6-329A-4D59-BC93-02222D3197CF}.Debug|Any CPU.Build.0 = Debug|Any CPU
		{6C6E97E6-329A-4D59-BC93-02222D3197CF}.Release|Any CPU.ActiveCfg = Release|Any CPU
		{6C6E97E6-329A-4D59-BC93-02222D3197CF}.Release|Any CPU.Build.0 = Release|Any CPU
	EndGlobalSection
EndGlobal
